
Microsoft Visual Studio Solution File, Format Version 12.00
# Visual Studio 15
Project("{FAE04EC0-301F-11D3-BF4B-00C04F79EFBC}") = "Juegos plataformas", "Assembly-CSharp.csproj", "{2CD1BA33-5095-C4F1-58C1-83DAAF3DE7CC}"
EndProject
Global
	GlobalSection(SolutionConfigurationPlatforms) = preSolution
		Debug|Any CPU = Debug|Any CPU
		Release|Any CPU = Release|Any CPU
	EndGlobalSection
	GlobalSection(ProjectConfigurationPlatforms) = postSolution
		{2CD1BA33-5095-C4F1-58C1-83DAAF3DE7CC}.Debug|Any CPU.ActiveCfg = Debug|Any CPU
		{2CD1BA33-5095-C4F1-58C1-83DAAF3DE7CC}.Debug|Any CPU.Build.0 = Debug|Any CPU
		{2CD1BA33-5095-C4F1-58C1-83DAAF3DE7CC}.Release|Any CPU.ActiveCfg = Release|Any CPU
		{2CD1BA33-5095-C4F1-58C1-83DAAF3DE7CC}.Release|Any CPU.Build.0 = Release|Any CPU
	EndGlobalSection
	GlobalSection(SolutionProperties) = preSolution
		HideSolutionNode = FALSE
	EndGlobalSection
EndGlobal
